
Microsoft Visual Studio Solution File, Format Version 12.00
# Visual Studio Version 16
VisualStudioVersion = 16.0.28803.352
MinimumVisualStudioVersion = 10.0.40219.1
Project("{FAE04EC0-301F-11D3-BF4B-00C04F79EFBC}") = "EmailAnalytics", "EmailAnalytics\EmailAnalytics.csproj", "{DE552C45-DDC3-409D-82DD-F01919AAADC9}"
EndProject
Global
	GlobalSection(SolutionConfigurationPlatforms) = preSolution
		Debug|Any CPU = Debug|Any CPU
		Release|Any CPU = Release|Any CPU
	EndGlobalSection
	GlobalSection(ProjectConfigurationPlatforms) = postSolution
		{DE552C45-DDC3-409D-82DD-F01919AAADC9}.Debug|Any CPU.ActiveCfg = Debug|Any CPU
		{DE552C45-DDC3-409D-82DD-F01919AAADC9}.Debug|Any CPU.Build.0 = Debug|Any CPU
		{DE552C45-DDC3-409D-82DD-F01919AAADC9}.Release|Any CPU.ActiveCfg = Release|Any CPU
		{DE552C45-DDC3-409D-82DD-F01919AAADC9}.Release|Any CPU.Build.0 = Release|Any CPU
	EndGlobalSection
	GlobalSection(SolutionProperties) = preSolution
		HideSolutionNode = FALSE
	EndGlobalSection
	GlobalSection(ExtensibilityGlobals) = postSolution
		SolutionGuid = {128E2208-B143-49D8-9618-8E55BB517BF5}
	EndGlobalSection
EndGlobal
